
Microsoft Visual Studio Solution File, Format Version 12.00
# Visual Studio Version 17
VisualStudioVersion = 17.9.34723.18
MinimumVisualStudioVersion = 10.0.40219.1
Project("{9A19103F-16F7-4668-BE54-9A1E7A4F7556}") = "gigadr3w.benchmark.dataaccess", "gigadr3w.benchmark.dataaccess\gigadr3w.benchmark.dataaccess.csproj", "{6C0A966A-69B2-4CCB-B5D7-80A26A401DBC}"
EndProject
Global
	GlobalSection(SolutionConfigurationPlatforms) = preSolution
		Debug|Any CPU = Debug|Any CPU
		Release|Any CPU = Release|Any CPU
	EndGlobalSection
	GlobalSection(ProjectConfigurationPlatforms) = postSolution
		{6C0A966A-69B2-4CCB-B5D7-80A26A401DBC}.Debug|Any CPU.ActiveCfg = Debug|Any CPU
		{6C0A966A-69B2-4CCB-B5D7-80A26A401DBC}.Debug|Any CPU.Build.0 = Debug|Any CPU
		{6C0A966A-69B2-4CCB-B5D7-80A26A401DBC}.Release|Any CPU.ActiveCfg = Release|Any CPU
		{6C0A966A-69B2-4CCB-B5D7-80A26A401DBC}.Release|Any CPU.Build.0 = Release|Any CPU
	EndGlobalSection
	GlobalSection(SolutionProperties) = preSolution
		HideSolutionNode = FALSE
	EndGlobalSection
	GlobalSection(ExtensibilityGlobals) = postSolution
		SolutionGuid = {426AB55C-25CF-4A7E-BF5C-6CC9AB5BC718}
	EndGlobalSection
EndGlobal
